{"filter":false,"title":"Gemfile.lock","tooltip":"/hello_app/Gemfile.lock","undoManager":{"mark":-1,"position":-1,"stack":[]},"ace":{"folds":[],"scrolltop":0,"scrollleft":0,"selection":{"start":{"row":0,"column":0},"end":{"row":0,"column":0},"isBackwards":false},"options":{"guessTabSize":true,"useWrapMode":false,"wrapToView":true},"firstLineState":{"row":5,"state":"start","mode":"ace/mode/text"}},"timestamp":1513371801576,"hash":"3d9ea33df9ec649ed28e46587722e69a8d6749f0"}